
Microsoft Visual Studio Solution File, Format Version 12.00
# Visual Studio 14
VisualStudioVersion = 14.0.24720.0
MinimumVisualStudioVersion = 10.0.40219.1
Project("{FAE04EC0-301F-11D3-BF4B-00C04F79EFBC}") = "LY.Utility", "LY.Utility\LY.Utility.csproj", "{F5B448F2-1A5D-4BF9-BE55-06843E754374}"
EndProject
Project("{FAE04EC0-301F-11D3-BF4B-00C04F79EFBC}") = "LY.Nunit", "LY.Nunit\LY.Nunit.csproj", "{B7B52043-9DF4-463D-96FC-A0F31F9E815D}"
EndProject
Project("{FAE04EC0-301F-11D3-BF4B-00C04F79EFBC}") = "LY.Models", "LY.Models\LY.Models.csproj", "{9D71857A-68DA-4A1A-862A-3DFA8ED21F6F}"
EndProject
Global
	GlobalSection(SolutionConfigurationPlatforms) = preSolution
		Debug|Any CPU = Debug|Any CPU
		Release|Any CPU = Release|Any CPU
	EndGlobalSection
	GlobalSection(ProjectConfigurationPlatforms) = postSolution
		{F5B448F2-1A5D-4BF9-BE55-06843E754374}.Debug|Any CPU.ActiveCfg = Debug|Any CPU
		{F5B448F2-1A5D-4BF9-BE55-06843E754374}.Debug|Any CPU.Build.0 = Debug|Any CPU
		{F5B448F2-1A5D-4BF9-BE55-06843E754374}.Release|Any CPU.ActiveCfg = Release|Any CPU
		{F5B448F2-1A5D-4BF9-BE55-06843E754374}.Release|Any CPU.Build.0 = Release|Any CPU
		{B7B52043-9DF4-463D-96FC-A0F31F9E815D}.Debug|Any CPU.ActiveCfg = Debug|Any CPU
		{B7B52043-9DF4-463D-96FC-A0F31F9E815D}.Debug|Any CPU.Build.0 = Debug|Any CPU
		{B7B52043-9DF4-463D-96FC-A0F31F9E815D}.Release|Any CPU.ActiveCfg = Release|Any CPU
		{B7B52043-9DF4-463D-96FC-A0F31F9E815D}.Release|Any CPU.Build.0 = Release|Any CPU
		{9D71857A-68DA-4A1A-862A-3DFA8ED21F6F}.Debug|Any CPU.ActiveCfg = Debug|Any CPU
		{9D71857A-68DA-4A1A-862A-3DFA8ED21F6F}.Debug|Any CPU.Build.0 = Debug|Any CPU
		{9D71857A-68DA-4A1A-862A-3DFA8ED21F6F}.Release|Any CPU.ActiveCfg = Release|Any CPU
		{9D71857A-68DA-4A1A-862A-3DFA8ED21F6F}.Release|Any CPU.Build.0 = Release|Any CPU
	EndGlobalSection
	GlobalSection(SolutionProperties) = preSolution
		HideSolutionNode = FALSE
	EndGlobalSection
EndGlobal
